
Microsoft Visual Studio Solution File, Format Version 12.00
# Visual Studio Version 17
VisualStudioVersion = 17.4.33103.184
MinimumVisualStudioVersion = 10.0.40219.1
Project("{FAE04EC0-301F-11D3-BF4B-00C04F79EFBC}") = "signalchat", "signalchat\signalchat.csproj", "{E1940369-F3AF-4CCC-90CE-BEB0F835D1EA}"
EndProject
Project("{FAE04EC0-301F-11D3-BF4B-00C04F79EFBC}") = "webapi", "webapi\webapi.csproj", "{25BBD05B-491F-49D7-A2AF-5E1DA376B0E4}"
EndProject
Global
	GlobalSection(SolutionConfigurationPlatforms) = preSolution
		Debug|Any CPU = Debug|Any CPU
		Release|Any CPU = Release|Any CPU
	EndGlobalSection
	GlobalSection(ProjectConfigurationPlatforms) = postSolution
		{E1940369-F3AF-4CCC-90CE-BEB0F835D1EA}.Debug|Any CPU.ActiveCfg = Debug|Any CPU
		{E1940369-F3AF-4CCC-90CE-BEB0F835D1EA}.Debug|Any CPU.Build.0 = Debug|Any CPU
		{E1940369-F3AF-4CCC-90CE-BEB0F835D1EA}.Release|Any CPU.ActiveCfg = Release|Any CPU
		{E1940369-F3AF-4CCC-90CE-BEB0F835D1EA}.Release|Any CPU.Build.0 = Release|Any CPU
		{25BBD05B-491F-49D7-A2AF-5E1DA376B0E4}.Debug|Any CPU.ActiveCfg = Debug|Any CPU
		{25BBD05B-491F-49D7-A2AF-5E1DA376B0E4}.Debug|Any CPU.Build.0 = Debug|Any CPU
		{25BBD05B-491F-49D7-A2AF-5E1DA376B0E4}.Release|Any CPU.ActiveCfg = Release|Any CPU
		{25BBD05B-491F-49D7-A2AF-5E1DA376B0E4}.Release|Any CPU.Build.0 = Release|Any CPU
	EndGlobalSection
	GlobalSection(SolutionProperties) = preSolution
		HideSolutionNode = FALSE
	EndGlobalSection
	GlobalSection(ExtensibilityGlobals) = postSolution
		SolutionGuid = {28234D4F-7842-4F79-8366-089C2121D317}
	EndGlobalSection
EndGlobal
